<?xml version="1.0" encoding="utf-8"?>
<Project ToolsVersion="4.0" xmlns="http://schemas.microsoft.com/developer/msbuild/2003">
  <ItemGroup>
    <Filter Include="Source Files">
      <UniqueIdentifier>{4FC737F1-C7A5-4376-A066-2A32D752A2FF}</UniqueIdentifier>
      <Extensions>cpp;c;cc;cxx;c++;cppm;ixx;def;odl;idl;hpj;bat;asm;asmx</Extensions>
    </Filter>
    <Filter Include="Header Files">
      <UniqueIdentifier>{93995380-89BD-4b04-88EB-625FBE52EBFB}</UniqueIdentifier>
      <Extensions>h;hh;hpp;hxx;h++;hm;inl;inc;ipp;xsd</Extensions>
    </Filter>
    <Filter Include="Resource Files">
      <UniqueIdentifier>{67DA6AB6-F800-4c08-8B7A-83BB121AAD01}</UniqueIdentifier>
      <Extensions>rc;ico;cur;bmp;dlg;rc2;rct;bin;rgs;gif;jpg;jpeg;jpe;resx;tiff;tif;png;wav;mfcribbon-ms</Extensions>
    </Filter>
  </ItemGroup>
  <ItemGroup>
    <ClCompile Include="YuriFramework.cpp">
      <Filter>Source Files</Filter>
    </ClCompile>
    <ClCompile Include="src\IYError.cpp">
      <Filter>Source Files</Filter>
    </ClCompile>
    <ClCompile Include="src\YApp.cpp">
      <Filter>Source Files</Filter>
    </ClCompile>
    <ClCompile Include="src\OpenGL\YShader_GL.cpp">
      <Filter>Source Files</Filter>
    </ClCompile>
    <ClCompile Include="src\YAppGL.cpp">
      <Filter>Source Files</Filter>
    </ClCompile>
    <ClCompile Include="src\OpenGL\YShaderPart_GL.cpp">
      <Filter>Source Files</Filter>
    </ClCompile>
    <ClCompile Include="src\YShaderManager.cpp">
      <Filter>Source Files</Filter>
    </ClCompile>
  </ItemGroup>
  <ItemGroup>
    <ClInclude Include="inc\YSingleton.h">
      <Filter>Header Files</Filter>
    </ClInclude>
    <ClInclude Include="inc\YApp.h">
      <Filter>Header Files</Filter>
    </ClInclude>
    <ClInclude Include="inc\OpenGL\YAppGL.h">
      <Filter>Header Files</Filter>
    </ClInclude>
    <ClInclude Include="inc\IYError.h">
      <Filter>Header Files</Filter>
    </ClInclude>
    <ClInclude Include="inc\YError.h">
      <Filter>Header Files</Filter>
    </ClInclude>
    <ClInclude Include="inc\YClock.h">
      <Filter>Header Files</Filter>
    </ClInclude>
    <ClInclude Include="inc\Vector2.h">
      <Filter>Header Files</Filter>
    </ClInclude>
    <ClInclude Include="inc\YShader.h">
      <Filter>Header Files</Filter>
    </ClInclude>
    <ClInclude Include="inc\YShaderPart.h">
      <Filter>Header Files</Filter>
    </ClInclude>
    <ClInclude Include="YTestApp.h">
      <Filter>Header Files</Filter>
    </ClInclude>
    <ClInclude Include="inc\YShaderManager.h">
      <Filter>Header Files</Filter>
    </ClInclude>
  </ItemGroup>
</Project>